// !$*UTF8*$!
{
	archiveVersion = 1;
	classes = {
	};
	objectVersion = 46;
	objects = {

/* Begin PBXBuildFile section */
		F17DF2AA1A17C1C100B36D2F /* Array2D.swift in Sources */ = {isa = PBXBuildFile; fileRef = F17DF2A91A17C1C100B36D2F /* Array2D.swift */; };
		F19190D91A16BC3700F2E7AC /* AppDelegate.swift in Sources */ = {isa = PBXBuildFile; fileRef = F19190D81A16BC3700F2E7AC /* AppDelegate.swift */; };
		F19190DD1A16BC3700F2E7AC /* GameScene.swift in Sources */ = {isa = PBXBuildFile; fileRef = F19190DC1A16BC3700F2E7AC /* GameScene.swift */; };
		F19190DF1A16BC3700F2E7AC /* GameViewController.swift in Sources */ = {isa = PBXBuildFile; fileRef = F19190DE1A16BC3700F2E7AC /* GameViewController.swift */; };
		F19190E21A16BC3700F2E7AC /* Main.storyboard in Resources */ = {isa = PBXBuildFile; fileRef = F19190E01A16BC3700F2E7AC /* Main.storyboard */; };
		F19190E41A16BC3700F2E7AC /* Images.xcassets in Resources */ = {isa = PBXBuildFile; fileRef = F19190E31A16BC3700F2E7AC /* Images.xcassets */; };
		F19190E71A16BC3700F2E7AC /* LaunchScreen.xib in Resources */ = {isa = PBXBuildFile; fileRef = F19190E51A16BC3700F2E7AC /* LaunchScreen.xib */; };
		F19190F31A16BC3800F2E7AC /* SwiftrisTests.swift in Sources */ = {isa = PBXBuildFile; fileRef = F19190F21A16BC3800F2E7AC /* SwiftrisTests.swift */; };
		F19191021A16BF5F00F2E7AC /* bomb.mp3 in Resources */ = {isa = PBXBuildFile; fileRef = F19190FD1A16BF5F00F2E7AC /* bomb.mp3 */; };
		F19191031A16BF5F00F2E7AC /* drop.mp3 in Resources */ = {isa = PBXBuildFile; fileRef = F19190FE1A16BF5F00F2E7AC /* drop.mp3 */; };
		F19191041A16BF5F00F2E7AC /* gameover.mp3 in Resources */ = {isa = PBXBuildFile; fileRef = F19190FF1A16BF5F00F2E7AC /* gameover.mp3 */; };
		F19191051A16BF5F00F2E7AC /* levelup.mp3 in Resources */ = {isa = PBXBuildFile; fileRef = F19191001A16BF5F00F2E7AC /* levelup.mp3 */; };
		F19191061A16BF5F00F2E7AC /* theme.mp3 in Resources */ = {isa = PBXBuildFile; fileRef = F19191011A16BF5F00F2E7AC /* theme.mp3 */; };
		F19191081A16BF6F00F2E7AC /* Sprites.atlas in Resources */ = {isa = PBXBuildFile; fileRef = F19191071A16BF6F00F2E7AC /* Sprites.atlas */; };
		F191910F1A16BF8D00F2E7AC /* background.png in Resources */ = {isa = PBXBuildFile; fileRef = F19191091A16BF8D00F2E7AC /* background.png */; };
		F19191101A16BF8D00F2E7AC /* background@2x.png in Resources */ = {isa = PBXBuildFile; fileRef = F191910A1A16BF8D00F2E7AC /* background@2x.png */; };
		F19191111A16BF8D00F2E7AC /* gameboard.png in Resources */ = {isa = PBXBuildFile; fileRef = F191910B1A16BF8D00F2E7AC /* gameboard.png */; };
		F19191121A16BF8D00F2E7AC /* gameboard@2x.png in Resources */ = {isa = PBXBuildFile; fileRef = F191910C1A16BF8D00F2E7AC /* gameboard@2x.png */; };
		F19191131A16BF8D00F2E7AC /* whitebg.png in Resources */ = {isa = PBXBuildFile; fileRef = F191910D1A16BF8D00F2E7AC /* whitebg.png */; };
		F19191141A16BF8D00F2E7AC /* whitebg@2x.png in Resources */ = {isa = PBXBuildFile; fileRef = F191910E1A16BF8D00F2E7AC /* whitebg@2x.png */; };
/* End PBXBuildFile section */

/* Begin PBXContainerItemProxy section */
		F19190ED1A16BC3800F2E7AC /* PBXContainerItemProxy */ = {
			isa = PBXContainerItemProxy;
			containerPortal = F19190CB1A16BC3600F2E7AC /* Project object */;
			proxyType = 1;
			remoteGlobalIDString = F19190D21A16BC3600F2E7AC;
			remoteInfo = Swiftris;
		};
/* End PBXContainerItemProxy section */

/* Begin PBXFileReference section */
		F17DF2A91A17C1C100B36D2F /* Array2D.swift */ = {isa = PBXFileReference; fileEncoding = 4; lastKnownFileType = sourcecode.swift; path = Array2D.swift; sourceTree = "<group>"; };
		F19190D31A16BC3600F2E7AC /* Swiftris.app */ = {isa = PBXFileReference; explicitFileType = wrapper.application; includeInIndex = 0; path = Swiftris.app; sourceTree = BUILT_PRODUCTS_DIR; };
		F19190D71A16BC3600F2E7AC /* Info.plist */ = {isa = PBXFileReference; lastKnownFileType = text.plist.xml; path = Info.plist; sourceTree = "<group>"; };
		F19190D81A16BC3700F2E7AC /* AppDelegate.swift */ = {isa = PBXFileReference; lastKnownFileType = sourcecode.swift; path = AppDelegate.swift; sourceTree = "<group>"; };
		F19190DC1A16BC3700F2E7AC /* GameScene.swift */ = {isa = PBXFileReference; lastKnownFileType = sourcecode.swift; path = GameScene.swift; sourceTree = "<group>"; };
		F19190DE1A16BC3700F2E7AC /* GameViewController.swift */ = {isa = PBXFileReference; lastKnownFileType = sourcecode.swift; path = GameViewController.swift; sourceTree = "<group>"; };
		F19190E11A16BC3700F2E7AC /* Base */ = {isa = PBXFileReference; lastKnownFileType = file.storyboard; name = Base; path = Base.lproj/Main.storyboard; sourceTree = "<group>"; };
		F19190E31A16BC3700F2E7AC /* Images.xcassets */ = {isa = PBXFileReference; lastKnownFileType = folder.assetcatalog; path = Images.xcassets; sourceTree = "<group>"; };
		F19190E61A16BC3700F2E7AC /* Base */ = {isa = PBXFileReference; lastKnownFileType = file.xib; name = Base; path = Base.lproj/LaunchScreen.xib; sourceTree = "<group>"; };
		F19190EC1A16BC3800F2E7AC /* SwiftrisTests.xctest */ = {isa = PBXFileReference; explicitFileType = wrapper.cfbundle; includeInIndex = 0; path = SwiftrisTests.xctest; sourceTree = BUILT_PRODUCTS_DIR; };
		F19190F11A16BC3800F2E7AC /* Info.plist */ = {isa = PBXFileReference; lastKnownFileType = text.plist.xml; path = Info.plist; sourceTree = "<group>"; };
		F19190F21A16BC3800F2E7AC /* SwiftrisTests.swift */ = {isa = PBXFileReference; lastKnownFileType = sourcecode.swift; path = SwiftrisTests.swift; sourceTree = "<group>"; };
		F19190FD1A16BF5F00F2E7AC /* bomb.mp3 */ = {isa = PBXFileReference; lastKnownFileType = audio.mp3; path = bomb.mp3; sourceTree = "<group>"; };
		F19190FE1A16BF5F00F2E7AC /* drop.mp3 */ = {isa = PBXFileReference; lastKnownFileType = audio.mp3; path = drop.mp3; sourceTree = "<group>"; };
		F19190FF1A16BF5F00F2E7AC /* gameover.mp3 */ = {isa = PBXFileReference; lastKnownFileType = audio.mp3; path = gameover.mp3; sourceTree = "<group>"; };
		F19191001A16BF5F00F2E7AC /* levelup.mp3 */ = {isa = PBXFileReference; lastKnownFileType = audio.mp3; path = levelup.mp3; sourceTree = "<group>"; };
		F19191011A16BF5F00F2E7AC /* theme.mp3 */ = {isa = PBXFileReference; lastKnownFileType = audio.mp3; path = theme.mp3; sourceTree = "<group>"; };
		F19191071A16BF6F00F2E7AC /* Sprites.atlas */ = {isa = PBXFileReference; lastKnownFileType = folder.skatlas; path = Sprites.atlas; sourceTree = "<group>"; };
		F19191091A16BF8D00F2E7AC /* background.png */ = {isa = PBXFileReference; lastKnownFileType = image.png; path = background.png; sourceTree = "<group>"; };
		F191910A1A16BF8D00F2E7AC /* background@2x.png */ = {isa = PBXFileReference; lastKnownFileType = image.png; path = "background@2x.png"; sourceTree = "<group>"; };
		F191910B1A16BF8D00F2E7AC /* gameboard.png */ = {isa = PBXFileReference; lastKnownFileType = image.png; path = gameboard.png; sourceTree = "<group>"; };
		F191910C1A16BF8D00F2E7AC /* gameboard@2x.png */ = {isa = PBXFileReference; lastKnownFileType = image.png; path = "gameboard@2x.png"; sourceTree = "<group>"; };
		F191910D1A16BF8D00F2E7AC /* whitebg.png */ = {isa = PBXFileReference; lastKnownFileType = image.png; path = whitebg.png; sourceTree = "<group>"; };
		F191910E1A16BF8D00F2E7AC /* whitebg@2x.png */ = {isa = PBXFileReference; lastKnownFileType = image.png; path = "whitebg@2x.png"; sourceTree = "<group>"; };
/* End PBXFileReference section */

/* Begin PBXFrameworksBuildPhase section */
		F19190D01A16BC3600F2E7AC /* Frameworks */ = {
			isa = PBXFrameworksBuildPhase;
			buildActionMask = 2147483647;
			files = (
			);
			runOnlyForDeploymentPostprocessing = 0;
		};
		F19190E91A16BC3800F2E7AC /* Frameworks */ = {
			isa = PBXFrameworksBuildPhase;
			buildActionMask = 2147483647;
			files = (
			);
			runOnlyForDeploymentPostprocessing = 0;
		};
/* End PBXFrameworksBuildPhase section */

/* Begin PBXGroup section */
		F19190CA1A16BC3600F2E7AC = {
			isa = PBXGroup;
			children = (
				F19190D51A16BC3600F2E7AC /* Swiftris */,
				F19190EF1A16BC3800F2E7AC /* SwiftrisTests */,
				F19190D41A16BC3600F2E7AC /* Products */,
			);
			sourceTree = "<group>";
		};
		F19190D41A16BC3600F2E7AC /* Products */ = {
			isa = PBXGroup;
			children = (
				F19190D31A16BC3600F2E7AC /* Swiftris.app */,
				F19190EC1A16BC3800F2E7AC /* SwiftrisTests.xctest */,
			);
			name = Products;
			sourceTree = "<group>";
		};
		F19190D51A16BC3600F2E7AC /* Swiftris */ = {
			isa = PBXGroup;
			children = (
				F19190D81A16BC3700F2E7AC /* AppDelegate.swift */,
				F19190DC1A16BC3700F2E7AC /* GameScene.swift */,
				F19191091A16BF8D00F2E7AC /* background.png */,
				F191910A1A16BF8D00F2E7AC /* background@2x.png */,
				F191910B1A16BF8D00F2E7AC /* gameboard.png */,
				F191910C1A16BF8D00F2E7AC /* gameboard@2x.png */,
				F191910D1A16BF8D00F2E7AC /* whitebg.png */,
				F191910E1A16BF8D00F2E7AC /* whitebg@2x.png */,
				F19190DE1A16BC3700F2E7AC /* GameViewController.swift */,
				F19191071A16BF6F00F2E7AC /* Sprites.atlas */,
				F19190FC1A16BF5F00F2E7AC /* Sounds */,
				F19190E01A16BC3700F2E7AC /* Main.storyboard */,
				F19190E31A16BC3700F2E7AC /* Images.xcassets */,
				F19190E51A16BC3700F2E7AC /* LaunchScreen.xib */,
				F19190D61A16BC3600F2E7AC /* Supporting Files */,
				F17DF2A91A17C1C100B36D2F /* Array2D.swift */,
			);
			path = Swiftris;
			sourceTree = "<group>";
		};
		F19190D61A16BC3600F2E7AC /* Supporting Files */ = {
			isa = PBXGroup;
			children = (
				F19190D71A16BC3600F2E7AC /* Info.plist */,
			);
			name = "Supporting Files";
			sourceTree = "<group>";
		};
		F19190EF1A16BC3800F2E7AC /* SwiftrisTests */ = {
			isa = PBXGroup;
			children = (
				F19190F21A16BC3800F2E7AC /* SwiftrisTests.swift */,
				F19190F01A16BC3800F2E7AC /* Supporting Files */,
			);
			path = SwiftrisTests;
			sourceTree = "<group>";
		};
		F19190F01A16BC3800F2E7AC /* Supporting Files */ = {
			isa = PBXGroup;
			children = (
				F19190F11A16BC3800F2E7AC /* Info.plist */,
			);
			name = "Supporting Files";
			sourceTree = "<group>";
		};
		F19190FC1A16BF5F00F2E7AC /* Sounds */ = {
			isa = PBXGroup;
			children = (
				F19190FD1A16BF5F00F2E7AC /* bomb.mp3 */,
				F19190FE1A16BF5F00F2E7AC /* drop.mp3 */,
				F19190FF1A16BF5F00F2E7AC /* gameover.mp3 */,
				F19191001A16BF5F00F2E7AC /* levelup.mp3 */,
				F19191011A16BF5F00F2E7AC /* theme.mp3 */,
			);
			path = Sounds;
			sourceTree = "<group>";
		};
/* End PBXGroup section */

/* Begin PBXNativeTarget section */
		F19190D21A16BC3600F2E7AC /* Swiftris */ = {
			isa = PBXNativeTarget;
			buildConfigurationList = F19190F61A16BC3800F2E7AC /* Build configuration list for PBXNativeTarget "Swiftris" */;
			buildPhases = (
				F19190CF1A16BC3600F2E7AC /* Sources */,
				F19190D01A16BC3600F2E7AC /* Frameworks */,
				F19190D11A16BC3600F2E7AC /* Resources */,
			);
			buildRules = (
			);
			dependencies = (
			);
			name = Swiftris;
			productName = Swiftris;
			productReference = F19190D31A16BC3600F2E7AC /* Swiftris.app */;
			productType = "com.apple.product-type.application";
		};
		F19190EB1A16BC3800F2E7AC /* SwiftrisTests */ = {
			isa = PBXNativeTarget;
			buildConfigurationList = F19190F91A16BC3800F2E7AC /* Build configuration list for PBXNativeTarget "SwiftrisTests" */;
			buildPhases = (
				F19190E81A16BC3800F2E7AC /* Sources */,
				F19190E91A16BC3800F2E7AC /* Frameworks */,
				F19190EA1A16BC3800F2E7AC /* Resources */,
			);
			buildRules = (
			);
			dependencies = (
				F19190EE1A16BC3800F2E7AC /* PBXTargetDependency */,
			);
			name = SwiftrisTests;
			productName = SwiftrisTests;
			productReference = F19190EC1A16BC3800F2E7AC /* SwiftrisTests.xctest */;
			productType = "com.apple.product-type.bundle.unit-test";
		};
/* End PBXNativeTarget section */

/* Begin PBXProject section */
		F19190CB1A16BC3600F2E7AC /* Project object */ = {
			isa = PBXProject;
			attributes = {
				LastUpgradeCheck = 0610;
				ORGANIZATIONNAME = Bloc;
				TargetAttributes = {
					F19190D21A16BC3600F2E7AC = {
						CreatedOnToolsVersion = 6.1;
					};
					F19190EB1A16BC3800F2E7AC = {
						CreatedOnToolsVersion = 6.1;
						TestTargetID = F19190D21A16BC3600F2E7AC;
					};
				};
			};
			buildConfigurationList = F19190CE1A16BC3600F2E7AC /* Build configuration list for PBXProject "Swiftris" */;
			compatibilityVersion = "Xcode 3.2";
			developmentRegion = English;
			hasScannedForEncodings = 0;
			knownRegions = (
				en,
				Base,
			);
			mainGroup = F19190CA1A16BC3600F2E7AC;
			productRefGroup = F19190D41A16BC3600F2E7AC /* Products */;
			projectDirPath = "";
			projectRoot = "";
			targets = (
				F19190D21A16BC3600F2E7AC /* Swiftris */,
				F19190EB1A16BC3800F2E7AC /* SwiftrisTests */,
			);
		};
/* End PBXProject section */

/* Begin PBXResourcesBuildPhase section */
		F19190D11A16BC3600F2E7AC /* Resources */ = {
			isa = PBXResourcesBuildPhase;
			buildActionMask = 2147483647;
			files = (
				F19190E71A16BC3700F2E7AC /* LaunchScreen.xib in Resources */,
				F19191101A16BF8D00F2E7AC /* background@2x.png in Resources */,
				F19191131A16BF8D00F2E7AC /* whitebg.png in Resources */,
				F19191121A16BF8D00F2E7AC /* gameboard@2x.png in Resources */,
				F19191111A16BF8D00F2E7AC /* gameboard.png in Resources */,
				F191910F1A16BF8D00F2E7AC /* background.png in Resources */,
				F19191031A16BF5F00F2E7AC /* drop.mp3 in Resources */,
				F19191141A16BF8D00F2E7AC /* whitebg@2x.png in Resources */,
				F19191061A16BF5F00F2E7AC /* theme.mp3 in Resources */,
				F19191041A16BF5F00F2E7AC /* gameover.mp3 in Resources */,
				F19190E41A16BC3700F2E7AC /* Images.xcassets in Resources */,
				F19191051A16BF5F00F2E7AC /* levelup.mp3 in Resources */,
				F19191081A16BF6F00F2E7AC /* Sprites.atlas in Resources */,
				F19191021A16BF5F00F2E7AC /* bomb.mp3 in Resources */,
				F19190E21A16BC3700F2E7AC /* Main.storyboard in Resources */,
			);
			runOnlyForDeploymentPostprocessing = 0;
		};
		F19190EA1A16BC3800F2E7AC /* Resources */ = {
			isa = PBXResourcesBuildPhase;
			buildActionMask = 2147483647;
			files = (
			);
			runOnlyForDeploymentPostprocessing = 0;
		};
/* End PBXResourcesBuildPhase section */

/* Begin PBXSourcesBuildPhase section */
		F19190CF1A16BC3600F2E7AC /* Sources */ = {
			isa = PBXSourcesBuildPhase;
			buildActionMask = 2147483647;
			files = (
				F19190DD1A16BC3700F2E7AC /* GameScene.swift in Sources */,
				F17DF2AA1A17C1C100B36D2F /* Array2D.swift in Sources */,
				F19190DF1A16BC3700F2E7AC /* GameViewController.swift in Sources */,
				F19190D91A16BC3700F2E7AC /* AppDelegate.swift in Sources */,
			);
			runOnlyForDeploymentPostprocessing = 0;
		};
		F19190E81A16BC3800F2E7AC /* Sources */ = {
			isa = PBXSourcesBuildPhase;
			buildActionMask = 2147483647;
			files = (
				F19190F31A16BC3800F2E7AC /* SwiftrisTests.swift in Sources */,
			);
			runOnlyForDeploymentPostprocessing = 0;
		};
/* End PBXSourcesBuildPhase section */

/* Begin PBXTargetDependency section */
		F19190EE1A16BC3800F2E7AC /* PBXTargetDependency */ = {
			isa = PBXTargetDependency;
			target = F19190D21A16BC3600F2E7AC /* Swiftris */;
			targetProxy = F19190ED1A16BC3800F2E7AC /* PBXContainerItemProxy */;
		};
/* End PBXTargetDependency section */

/* Begin PBXVariantGroup section */
		F19190E01A16BC3700F2E7AC /* Main.storyboard */ = {
			isa = PBXVariantGroup;
			children = (
				F19190E11A16BC3700F2E7AC /* Base */,
			);
			name = Main.storyboard;
			sourceTree = "<group>";
		};
		F19190E51A16BC3700F2E7AC /* LaunchScreen.xib */ = {
			isa = PBXVariantGroup;
			children = (
				F19190E61A16BC3700F2E7AC /* Base */,
			);
			name = LaunchScreen.xib;
			sourceTree = "<group>";
		};
/* End PBXVariantGroup section */

/* Begin XCBuildConfiguration section */
		F19190F41A16BC3800F2E7AC /* Debug */ = {
			isa = XCBuildConfiguration;
			buildSettings = {
				ALWAYS_SEARCH_USER_PATHS = NO;
				CLANG_CXX_LANGUAGE_STANDARD = "gnu++0x";
				CLANG_CXX_LIBRARY = "libc++";
				CLANG_ENABLE_MODULES = YES;
				CLANG_ENABLE_OBJC_ARC = YES;
				CLANG_WARN_BOOL_CONVERSION = YES;
				CLANG_WARN_CONSTANT_CONVERSION = YES;
				CLANG_WARN_DIRECT_OBJC_ISA_USAGE = YES_ERROR;
				CLANG_WARN_EMPTY_BODY = YES;
				CLANG_WARN_ENUM_CONVERSION = YES;
				CLANG_WARN_INT_CONVERSION = YES;
				CLANG_WARN_OBJC_ROOT_CLASS = YES_ERROR;
				CLANG_WARN_UNREACHABLE_CODE = YES;
				CLANG_WARN__DUPLICATE_METHOD_MATCH = YES;
				"CODE_SIGN_IDENTITY[sdk=iphoneos*]" = "iPhone Developer";
				COPY_PHASE_STRIP = NO;
				ENABLE_STRICT_OBJC_MSGSEND = YES;
				GCC_C_LANGUAGE_STANDARD = gnu99;
				GCC_DYNAMIC_NO_PIC = NO;
				GCC_OPTIMIZATION_LEVEL = 0;
				GCC_PREPROCESSOR_DEFINITIONS = (
					"DEBUG=1",
					"$(inherited)",
				);
				GCC_SYMBOLS_PRIVATE_EXTERN = NO;
				GCC_WARN_64_TO_32_BIT_CONVERSION = YES;
				GCC_WARN_ABOUT_RETURN_TYPE = YES_ERROR;
				GCC_WARN_UNDECLARED_SELECTOR = YES;
				GCC_WARN_UNINITIALIZED_AUTOS = YES_AGGRESSIVE;
				GCC_WARN_UNUSED_FUNCTION = YES;
				GCC_WARN_UNUSED_VARIABLE = YES;
				IPHONEOS_DEPLOYMENT_TARGET = 8.1;
				MTL_ENABLE_DEBUG_INFO = YES;
				ONLY_ACTIVE_ARCH = YES;
				SDKROOT = iphoneos;
				SWIFT_OPTIMIZATION_LEVEL = "-Onone";
			};
			name = Debug;
		};
		F19190F51A16BC3800F2E7AC /* Release */ = {
			isa = XCBuildConfiguration;
			buildSettings = {
				ALWAYS_SEARCH_USER_PATHS = NO;
				CLANG_CXX_LANGUAGE_STANDARD = "gnu++0x";
				CLANG_CXX_LIBRARY = "libc++";
				CLANG_ENABLE_MODULES = YES;
				CLANG_ENABLE_OBJC_ARC = YES;
				CLANG_WARN_BOOL_CONVERSION = YES;
				CLANG_WARN_CONSTANT_CONVERSION = YES;
				CLANG_WARN_DIRECT_OBJC_ISA_USAGE = YES_ERROR;
				CLANG_WARN_EMPTY_BODY = YES;
				CLANG_WARN_ENUM_CONVERSION = YES;
				CLANG_WARN_INT_CONVERSION = YES;
				CLANG_WARN_OBJC_ROOT_CLASS = YES_ERROR;
				CLANG_WARN_UNREACHABLE_CODE = YES;
				CLANG_WARN__DUPLICATE_METHOD_MATCH = YES;
				"CODE_SIGN_IDENTITY[sdk=iphoneos*]" = "iPhone Developer";
				COPY_PHASE_STRIP = YES;
				ENABLE_NS_ASSERTIONS = NO;
				ENABLE_STRICT_OBJC_MSGSEND = YES;
				GCC_C_LANGUAGE_STANDARD = gnu99;
				GCC_WARN_64_TO_32_BIT_CONVERSION = YES;
				GCC_WARN_ABOUT_RETURN_TYPE = YES_ERROR;
				GCC_WARN_UNDECLARED_SELECTOR = YES;
				GCC_WARN_UNINITIALIZED_AUTOS = YES_AGGRESSIVE;
				GCC_WARN_UNUSED_FUNCTION = YES;
				GCC_WARN_UNUSED_VARIABLE = YES;
				IPHONEOS_DEPLOYMENT_TARGET = 8.1;
				MTL_ENABLE_DEBUG_INFO = NO;
				SDKROOT = iphoneos;
				VALIDATE_PRODUCT = YES;
			};
			name = Release;
		};
		F19190F71A16BC3800F2E7AC /* Debug */ = {
			isa = XCBuildConfiguration;
			buildSettings = {
				ASSETCATALOG_COMPILER_APPICON_NAME = AppIcon;
				INFOPLIST_FILE = Swiftris/Info.plist;
				LD_RUNPATH_SEARCH_PATHS = "$(inherited) @executable_path/Frameworks";
				PRODUCT_NAME = "$(TARGET_NAME)";
			};
			name = Debug;
		};
		F19190F81A16BC3800F2E7AC /* Release */ = {
			isa = XCBuildConfiguration;
			buildSettings = {
				ASSETCATALOG_COMPILER_APPICON_NAME = AppIcon;
				INFOPLIST_FILE = Swiftris/Info.plist;
				LD_RUNPATH_SEARCH_PATHS = "$(inherited) @executable_path/Frameworks";
				PRODUCT_NAME = "$(TARGET_NAME)";
			};
			name = Release;
		};
		F19190FA1A16BC3800F2E7AC /* Debug */ = {
			isa = XCBuildConfiguration;
			buildSettings = {
				BUNDLE_LOADER = "$(TEST_HOST)";
				FRAMEWORK_SEARCH_PATHS = (
					"$(SDKROOT)/Developer/Library/Frameworks",
					"$(inherited)",
				);
				GCC_PREPROCESSOR_DEFINITIONS = (
					"DEBUG=1",
					"$(inherited)",
				);
				INFOPLIST_FILE = SwiftrisTests/Info.plist;
				LD_RUNPATH_SEARCH_PATHS = "$(inherited) @executable_path/Frameworks @loader_path/Frameworks";
				PRODUCT_NAME = "$(TARGET_NAME)";
				TEST_HOST = "$(BUILT_PRODUCTS_DIR)/Swiftris.app/Swiftris";
			};
			name = Debug;
		};
		F19190FB1A16BC3800F2E7AC /* Release */ = {
			isa = XCBuildConfiguration;
			buildSettings = {
				BUNDLE_LOADER = "$(TEST_HOST)";
				FRAMEWORK_SEARCH_PATHS = (
					"$(SDKROOT)/Developer/Library/Frameworks",
					"$(inherited)",
				);
				INFOPLIST_FILE = SwiftrisTests/Info.plist;
				LD_RUNPATH_SEARCH_PATHS = "$(inherited) @executable_path/Frameworks @loader_path/Frameworks";
				PRODUCT_NAME = "$(TARGET_NAME)";
				TEST_HOST = "$(BUILT_PRODUCTS_DIR)/Swiftris.app/Swiftris";
			};
			name = Release;
		};
/* End XCBuildConfiguration section */

/* Begin XCConfigurationList section */
		F19190CE1A16BC3600F2E7AC /* Build configuration list for PBXProject "Swiftris" */ = {
			isa = XCConfigurationList;
			buildConfigurations = (
				F19190F41A16BC3800F2E7AC /* Debug */,
				F19190F51A16BC3800F2E7AC /* Release */,
			);
			defaultConfigurationIsVisible = 0;
			defaultConfigurationName = Release;
		};
		F19190F61A16BC3800F2E7AC /* Build configuration list for PBXNativeTarget "Swiftris" */ = {
			isa = XCConfigurationList;
			buildConfigurations = (
				F19190F71A16BC3800F2E7AC /* Debug */,
				F19190F81A16BC3800F2E7AC /* Release */,
			);
			defaultConfigurationIsVisible = 0;
			defaultConfigurationName = Release;
		};
		F19190F91A16BC3800F2E7AC /* Build configuration list for PBXNativeTarget "SwiftrisTests" */ = {
			isa = XCConfigurationList;
			buildConfigurations = (
				F19190FA1A16BC3800F2E7AC /* Debug */,
				F19190FB1A16BC3800F2E7AC /* Release */,
			);
			defaultConfigurationIsVisible = 0;
			defaultConfigurationName = Release;
		};
/* End XCConfigurationList section */
	};
	rootObject = F19190CB1A16BC3600F2E7AC /* Project object */;
}
